dependencies:
  idf:
    component_hash: null
    source:
      type: idf
    version: 5.2.1
  protocol_examples_common:
    component_hash: null
    source:
      path: C:\Users\KPC\esp\v5.2.1\esp-idf\examples\common_components\protocol_examples_common
      type: local
    version: '*'
manifest_hash: 31855981a6cd7797c7d991aeb8c530934b293b5d9a9e380d5e504e71270ab2d9
target: esp32
version: 1.0.0
